// !$*UTF8*$!
{
	archiveVersion = 1;
	classes = {
	};
	objectVersion = 46;
	objects = {

/* Begin PBXBuildFile section */
		F21486C21E37E7EE00EB18DD /* AppKit.framework in Frameworks */ = {isa = PBXBuildFile; fileRef = F21486C11E37E7EE00EB18DD /* AppKit.framework */; };
		F21486C41E37E81100EB18DD /* main.m in Sources */ = {isa = PBXBuildFile; fileRef = F21486C31E37E81100EB18DD /* main.m */; };
/* End PBXBuildFile section */

/* Begin PBXFileReference section */
		F21486B71E37E7D300EB18DD /* utmail.bundle */ = {isa = PBXFileReference; explicitFileType = wrapper.cfbundle; includeInIndex = 0; path = utmail.bundle; sourceTree = BUILT_PRODUCTS_DIR; };
		F21486BA1E37E7D300EB18DD /* Info.plist */ = {isa = PBXFileReference; lastKnownFileType = text.plist.xml; path = Info.plist; sourceTree = "<group>"; };
		F21486C11E37E7EE00EB18DD /* AppKit.framework */ = {isa = PBXFileReference; lastKnownFileType = wrapper.framework; name = AppKit.framework; path = System/Library/Frameworks/AppKit.framework; sourceTree = SDKROOT; };
		F21486C31E37E81100EB18DD /* main.m */ = {isa = PBXFileReference; fileEncoding = 4; lastKnownFileType = sourcecode.c.objc; path = main.m; sourceTree = "<group>"; };
/* End PBXFileReference section */

/* Begin PBXFrameworksBuildPhase section */
		F21486B41E37E7D300EB18DD /* Frameworks */ = {
			isa = PBXFrameworksBuildPhase;
			buildActionMask = 2147483647;
			files = (
				F21486C21E37E7EE00EB18DD /* AppKit.framework in Frameworks */,
			);
			runOnlyForDeploymentPostprocessing = 0;
		};
/* End PBXFrameworksBuildPhase section */

/* Begin PBXGroup section */
		F21486AE1E37E7D300EB18DD = {
			isa = PBXGroup;
			children = (
				F21486B91E37E7D300EB18DD /* utmail */,
				F21486B81E37E7D300EB18DD /* Products */,
				F21486C01E37E7EE00EB18DD /* Frameworks */,
			);
			sourceTree = "<group>";
		};
		F21486B81E37E7D300EB18DD /* Products */ = {
			isa = PBXGroup;
			children = (
				F21486B71E37E7D300EB18DD /* utmail.bundle */,
			);
			name = Products;
			sourceTree = "<group>";
		};
		F21486B91E37E7D300EB18DD /* utmail */ = {
			isa = PBXGroup;
			children = (
				F21486C31E37E81100EB18DD /* main.m */,
				F21486BA1E37E7D300EB18DD /* Info.plist */,
			);
			path = utmail;
			sourceTree = "<group>";
		};
		F21486C01E37E7EE00EB18DD /* Frameworks */ = {
			isa = PBXGroup;
			children = (
				F21486C11E37E7EE00EB18DD /* AppKit.framework */,
			);
			name = Frameworks;
			sourceTree = "<group>";
		};
/* End PBXGroup section */

/* Begin PBXNativeTarget section */
		F21486B61E37E7D300EB18DD /* utmail */ = {
			isa = PBXNativeTarget;
			buildConfigurationList = F21486BD1E37E7D300EB18DD /* Build configuration list for PBXNativeTarget "utmail" */;
			buildPhases = (
				F21486B31E37E7D300EB18DD /* Sources */,
				F21486B41E37E7D300EB18DD /* Frameworks */,
				F21486B51E37E7D300EB18DD /* Resources */,
				F21486C51E37EBF500EB18DD /* ShellScript */,
			);
			buildRules = (
			);
			dependencies = (
			);
			name = utmail;
			productName = utmail;
			productReference = F21486B71E37E7D300EB18DD /* utmail.bundle */;
			productType = "com.apple.product-type.bundle";
		};
/* End PBXNativeTarget section */

/* Begin PBXProject section */
		F21486AF1E37E7D300EB18DD /* Project object */ = {
			isa = PBXProject;
			attributes = {
				LastUpgradeCheck = 0820;
				ORGANIZATIONNAME = "Yuriy Ivanov";
				TargetAttributes = {
					F21486B61E37E7D300EB18DD = {
						CreatedOnToolsVersion = 8.2.1;
						DevelopmentTeam = 43P4TSW9F2;
						ProvisioningStyle = Automatic;
					};
				};
			};
			buildConfigurationList = F21486B21E37E7D300EB18DD /* Build configuration list for PBXProject "utmail" */;
			compatibilityVersion = "Xcode 3.2";
			developmentRegion = English;
			hasScannedForEncodings = 0;
			knownRegions = (
				en,
			);
			mainGroup = F21486AE1E37E7D300EB18DD;
			productRefGroup = F21486B81E37E7D300EB18DD /* Products */;
			projectDirPath = "";
			projectRoot = "";
			targets = (
				F21486B61E37E7D300EB18DD /* utmail */,
			);
		};
/* End PBXProject section */

/* Begin PBXResourcesBuildPhase section */
		F21486B51E37E7D300EB18DD /* Resources */ = {
			isa = PBXResourcesBuildPhase;
			buildActionMask = 2147483647;
			files = (
			);
			runOnlyForDeploymentPostprocessing = 0;
		};
/* End PBXResourcesBuildPhase section */

/* Begin PBXShellScriptBuildPhase section */
		F21486C51E37EBF500EB18DD /* ShellScript */ = {
			isa = PBXShellScriptBuildPhase;
			buildActionMask = 2147483647;
			files = (
			);
			inputPaths = (
			);
			outputPaths = (
			);
			runOnlyForDeploymentPostprocessing = 0;
			shellPath = /bin/sh;
			shellScript = "cp -rf ${TARGET_BUILD_DIR}/*.bundle ./";
		};
/* End PBXShellScriptBuildPhase section */

/* Begin PBXSourcesBuildPhase section */
		F21486B31E37E7D300EB18DD /* Sources */ = {
			isa = PBXSourcesBuildPhase;
			buildActionMask = 2147483647;
			files = (
				F21486C41E37E81100EB18DD /* main.m in Sources */,
			);
			runOnlyForDeploymentPostprocessing = 0;
		};
/* End PBXSourcesBuildPhase section */

/* Begin XCBuildConfiguration section */
		F21486BB1E37E7D300EB18DD /* Debug */ = {
			isa = XCBuildConfiguration;
			buildSettings = {
				ALWAYS_SEARCH_USER_PATHS = NO;
				CLANG_ANALYZER_NONNULL = YES;
				CLANG_CXX_LANGUAGE_STANDARD = "gnu++0x";
				CLANG_CXX_LIBRARY = "libc++";
				CLANG_ENABLE_MODULES = YES;
				CLANG_ENABLE_OBJC_ARC = YES;
				CLANG_WARN_BOOL_CONVERSION = YES;
				CLANG_WARN_CONSTANT_CONVERSION = YES;
				CLANG_WARN_DIRECT_OBJC_ISA_USAGE = YES_ERROR;
				CLANG_WARN_DOCUMENTATION_COMMENTS = YES;
				CLANG_WARN_EMPTY_BODY = YES;
				CLANG_WARN_ENUM_CONVERSION = YES;
				CLANG_WARN_INFINITE_RECURSION = YES;
				CLANG_WARN_INT_CONVERSION = YES;
				CLANG_WARN_OBJC_ROOT_CLASS = YES_ERROR;
				CLANG_WARN_SUSPICIOUS_MOVE = YES;
				CLANG_WARN_UNREACHABLE_CODE = YES;
				CLANG_WARN__DUPLICATE_METHOD_MATCH = YES;
				CODE_SIGN_IDENTITY = "-";
				COPY_PHASE_STRIP = NO;
				DEBUG_INFORMATION_FORMAT = dwarf;
				ENABLE_STRICT_OBJC_MSGSEND = YES;
				ENABLE_TESTABILITY = YES;
				GCC_C_LANGUAGE_STANDARD = gnu99;
				GCC_DYNAMIC_NO_PIC = NO;
				GCC_NO_COMMON_BLOCKS = YES;
				GCC_OPTIMIZATION_LEVEL = 0;
				GCC_PREPROCESSOR_DEFINITIONS = (
					"DEBUG=1",
					"$(inherited)",
				);
				GCC_WARN_64_TO_32_BIT_CONVERSION = YES;
				GCC_WARN_ABOUT_RETURN_TYPE = YES_ERROR;
				GCC_WARN_UNDECLARED_SELECTOR = YES;
				GCC_WARN_UNINITIALIZED_AUTOS = YES_AGGRESSIVE;
				GCC_WARN_UNUSED_FUNCTION = YES;
				GCC_WARN_UNUSED_VARIABLE = YES;
				MACOSX_DEPLOYMENT_TARGET = 10.12;
				MTL_ENABLE_DEBUG_INFO = YES;
				ONLY_ACTIVE_ARCH = YES;
				SDKROOT = macosx;
			};
			name = Debug;
		};
		F21486BC1E37E7D300EB18DD /* Release */ = {
			isa = XCBuildConfiguration;
			buildSettings = {
				ALWAYS_SEARCH_USER_PATHS = NO;
				CLANG_ANALYZER_NONNULL = YES;
				CLANG_CXX_LANGUAGE_STANDARD = "gnu++0x";
				CLANG_CXX_LIBRARY = "libc++";
				CLANG_ENABLE_MODULES = YES;
				CLANG_ENABLE_OBJC_ARC = YES;
				CLANG_WARN_BOOL_CONVERSION = YES;
				CLANG_WARN_CONSTANT_CONVERSION = YES;
				CLANG_WARN_DIRECT_OBJC_ISA_USAGE = YES_ERROR;
				CLANG_WARN_DOCUMENTATION_COMMENTS = YES;
				CLANG_WARN_EMPTY_BODY = YES;
				CLANG_WARN_ENUM_CONVERSION = YES;
				CLANG_WARN_INFINITE_RECURSION = YES;
				CLANG_WARN_INT_CONVERSION = YES;
				CLANG_WARN_OBJC_ROOT_CLASS = YES_ERROR;
				CLANG_WARN_SUSPICIOUS_MOVE = YES;
				CLANG_WARN_UNREACHABLE_CODE = YES;
				CLANG_WARN__DUPLICATE_METHOD_MATCH = YES;
				CODE_SIGN_IDENTITY = "-";
				COPY_PHASE_STRIP = NO;
				DEBUG_INFORMATION_FORMAT = "dwarf-with-dsym";
				ENABLE_NS_ASSERTIONS = NO;
				ENABLE_STRICT_OBJC_MSGSEND = YES;
				GCC_C_LANGUAGE_STANDARD = gnu99;
				GCC_NO_COMMON_BLOCKS = YES;
				GCC_WARN_64_TO_32_BIT_CONVERSION = YES;
				GCC_WARN_ABOUT_RETURN_TYPE = YES_ERROR;
				GCC_WARN_UNDECLARED_SELECTOR = YES;
				GCC_WARN_UNINITIALIZED_AUTOS = YES_AGGRESSIVE;
				GCC_WARN_UNUSED_FUNCTION = YES;
				GCC_WARN_UNUSED_VARIABLE = YES;
				MACOSX_DEPLOYMENT_TARGET = 10.12;
				MTL_ENABLE_DEBUG_INFO = NO;
				SDKROOT = macosx;
			};
			name = Release;
		};
		F21486BE1E37E7D300EB18DD /* Debug */ = {
			isa = XCBuildConfiguration;
			buildSettings = {
				COMBINE_HIDPI_IMAGES = YES;
				DEVELOPMENT_TEAM = 43P4TSW9F2;
				INFOPLIST_FILE = utmail/Info.plist;
				INSTALL_PATH = "$(LOCAL_LIBRARY_DIR)/Bundles";
				MACOSX_DEPLOYMENT_TARGET = 10.8;
				PRODUCT_BUNDLE_IDENTIFIER = universal.tools.utmail;
				PRODUCT_NAME = "$(TARGET_NAME)";
				SKIP_INSTALL = YES;
				WRAPPER_EXTENSION = bundle;
			};
			name = Debug;
		};
		F21486BF1E37E7D300EB18DD /* Release */ = {
			isa = XCBuildConfiguration;
			buildSettings = {
				COMBINE_HIDPI_IMAGES = YES;
				DEVELOPMENT_TEAM = 43P4TSW9F2;
				INFOPLIST_FILE = utmail/Info.plist;
				INSTALL_PATH = "$(LOCAL_LIBRARY_DIR)/Bundles";
				MACOSX_DEPLOYMENT_TARGET = 10.8;
				PRODUCT_BUNDLE_IDENTIFIER = universal.tools.utmail;
				PRODUCT_NAME = "$(TARGET_NAME)";
				SKIP_INSTALL = YES;
				WRAPPER_EXTENSION = bundle;
			};
			name = Release;
		};
/* End XCBuildConfiguration section */

/* Begin XCConfigurationList section */
		F21486B21E37E7D300EB18DD /* Build configuration list for PBXProject "utmail" */ = {
			isa = XCConfigurationList;
			buildConfigurations = (
				F21486BB1E37E7D300EB18DD /* Debug */,
				F21486BC1E37E7D300EB18DD /* Release */,
			);
			defaultConfigurationIsVisible = 0;
			defaultConfigurationName = Release;
		};
		F21486BD1E37E7D300EB18DD /* Build configuration list for PBXNativeTarget "utmail" */ = {
			isa = XCConfigurationList;
			buildConfigurations = (
				F21486BE1E37E7D300EB18DD /* Debug */,
				F21486BF1E37E7D300EB18DD /* Release */,
			);
			defaultConfigurationIsVisible = 0;
			defaultConfigurationName = Release;
		};
/* End XCConfigurationList section */
	};
	rootObject = F21486AF1E37E7D300EB18DD /* Project object */;
}
